
Microsoft Visual Studio Solution File, Format Version 12.00
# Visual Studio Version 17
VisualStudioVersion = 17.0.31903.59
MinimumVisualStudioVersion = 10.0.40219.1
Project("{FAE04EC0-301F-11D3-BF4B-00C04F79EFBC}") = "WpfTask.16.1", "WpfTask.16.1\WpfTask.16.1.csproj", "{479A3A34-6A57-4776-89FA-5CD148D5742B}"
EndProject
Global
	GlobalSection(SolutionConfigurationPlatforms) = preSolution
		Debug|Any CPU = Debug|Any CPU
		Release|Any CPU = Release|Any CPU
	EndGlobalSection
	GlobalSection(ProjectConfigurationPlatforms) = postSolution
		{479A3A34-6A57-4776-89FA-5CD148D5742B}.Debug|Any CPU.ActiveCfg = Debug|Any CPU
		{479A3A34-6A57-4776-89FA-5CD148D5742B}.Debug|Any CPU.Build.0 = Debug|Any CPU
		{479A3A34-6A57-4776-89FA-5CD148D5742B}.Release|Any CPU.ActiveCfg = Release|Any CPU
		{479A3A34-6A57-4776-89FA-5CD148D5742B}.Release|Any CPU.Build.0 = Release|Any CPU
	EndGlobalSection
	GlobalSection(SolutionProperties) = preSolution
		HideSolutionNode = FALSE
	EndGlobalSection
	GlobalSection(ExtensibilityGlobals) = postSolution
		SolutionGuid = {29FA8978-07A0-4F2F-BE6A-89851C3CC069}
	EndGlobalSection
EndGlobal
